
Microsoft Visual Studio Solution File, Format Version 12.00
# Visual Studio Version 17
VisualStudioVersion = 17.5.33530.505
MinimumVisualStudioVersion = 10.0.40219.1
Project("{FAE04EC0-301F-11D3-BF4B-00C04F79EFBC}") = "CipherApp", "CipherApp.csproj", "{B3903013-1482-420F-AE54-A96C0CA289BE}"
EndProject
Global
	GlobalSection(SolutionConfigurationPlatforms) = preSolution
		Debug|Any CPU = Debug|Any CPU
		Release|Any CPU = Release|Any CPU
	EndGlobalSection
	GlobalSection(ProjectConfigurationPlatforms) = postSolution
		{B3903013-1482-420F-AE54-A96C0CA289BE}.Debug|Any CPU.ActiveCfg = Debug|Any CPU
		{B3903013-1482-420F-AE54-A96C0CA289BE}.Debug|Any CPU.Build.0 = Debug|Any CPU
		{B3903013-1482-420F-AE54-A96C0CA289BE}.Release|Any CPU.ActiveCfg = Release|Any CPU
		{B3903013-1482-420F-AE54-A96C0CA289BE}.Release|Any CPU.Build.0 = Release|Any CPU
	EndGlobalSection
	GlobalSection(SolutionProperties) = preSolution
		HideSolutionNode = FALSE
	EndGlobalSection
	GlobalSection(ExtensibilityGlobals) = postSolution
		SolutionGuid = {05F53374-E533-4FC4-BC15-69D8244D0D34}
	EndGlobalSection
EndGlobal
